
Microsoft Visual Studio Solution File, Format Version 12.00
# Visual Studio 15
VisualStudioVersion = 15.0.27130.2036
MinimumVisualStudioVersion = 10.0.40219.1
Project("{FAE04EC0-301F-11D3-BF4B-00C04F79EFBC}") = "PresentationLayer", "Build-A-Bike Application\PresentationLayer.csproj", "{18E2C178-3556-49B0-89C7-33FA7552BC2E}"
EndProject
Project("{FAE04EC0-301F-11D3-BF4B-00C04F79EFBC}") = "BusinessLayer", "BusinessLayer\BusinessLayer.csproj", "{731F49B0-7075-4C06-80B6-D8AC2D63857D}"
EndProject
Project("{FAE04EC0-301F-11D3-BF4B-00C04F79EFBC}") = "DataLayer", "DataLayer\DataLayer.csproj", "{BA84A94F-8C33-40A5-80D3-66C76E6BCAC0}"
EndProject
Global
	GlobalSection(SolutionConfigurationPlatforms) = preSolution
		Debug|Any CPU = Debug|Any CPU
		Release|Any CPU = Release|Any CPU
	EndGlobalSection
	GlobalSection(ProjectConfigurationPlatforms) = postSolution
		{18E2C178-3556-49B0-89C7-33FA7552BC2E}.Debug|Any CPU.ActiveCfg = Debug|Any CPU
		{18E2C178-3556-49B0-89C7-33FA7552BC2E}.Debug|Any CPU.Build.0 = Debug|Any CPU
		{18E2C178-3556-49B0-89C7-33FA7552BC2E}.Release|Any CPU.ActiveCfg = Release|Any CPU
		{18E2C178-3556-49B0-89C7-33FA7552BC2E}.Release|Any CPU.Build.0 = Release|Any CPU
		{731F49B0-7075-4C06-80B6-D8AC2D63857D}.Debug|Any CPU.ActiveCfg = Debug|Any CPU
		{731F49B0-7075-4C06-80B6-D8AC2D63857D}.Debug|Any CPU.Build.0 = Debug|Any CPU
		{731F49B0-7075-4C06-80B6-D8AC2D63857D}.Release|Any CPU.ActiveCfg = Release|Any CPU
		{731F49B0-7075-4C06-80B6-D8AC2D63857D}.Release|Any CPU.Build.0 = Release|Any CPU
		{BA84A94F-8C33-40A5-80D3-66C76E6BCAC0}.Debug|Any CPU.ActiveCfg = Debug|Any CPU
		{BA84A94F-8C33-40A5-80D3-66C76E6BCAC0}.Debug|Any CPU.Build.0 = Debug|Any CPU
		{BA84A94F-8C33-40A5-80D3-66C76E6BCAC0}.Release|Any CPU.ActiveCfg = Release|Any CPU
		{BA84A94F-8C33-40A5-80D3-66C76E6BCAC0}.Release|Any CPU.Build.0 = Release|Any CPU
	EndGlobalSection
	GlobalSection(SolutionProperties) = preSolution
		HideSolutionNode = FALSE
	EndGlobalSection
	GlobalSection(ExtensibilityGlobals) = postSolution
		SolutionGuid = {D01463DC-D719-473F-B0F7-748DF2ED415E}
	EndGlobalSection
EndGlobal
